filippo.io/edwards25519 v1.1.0 h1:FNf4tywRC1HmFuKW5xopWpigGjJKiJSV0Cqo0cJWDaA=
filippo.io/edwards25519 v1.1.0/go.mod h1:BxyFTGdWcka3PhytdK4V28tE5sGfRvvvRV7EaN4VDT4=
github.com/cenkalti/backoff/v5 v5.0.3 h1:ZN+IMa753KfX5hd8vVaMixjnqRZ3y8CuJKRKj1xcsSM=
github.com/cenkalti/backoff/v5 v5.0.3/go.mod h1:rkhZdG3JZukswDf7f0cwqPNk4K0sa+F97BxZthm/crw=
github.com/cespare/xxhash/v2 v2.3.0 h1:UL815xU9SqsFlibzuggzjXhog7bL6oX9BbNZnL2UFvs=
github.com/cespare/xxhash/v2 v2.3.0/go.mod h1:VGX0DQ3Q6kWi7AoAeZDth3/j3BFtOZR5XLFGgcrjCOs=
github.com/davecgh/go-spew v1.1.1 h1:vj9j/u1bqnvCEfJOwUhtlOARqs3+rkHYY13jYWTU97c=
github.com/davecgh/go-spew v1.1.1/go.mod h1:J7Y8YcW2NihsgmVo/mv3lAwl/skON4iLHjSsI+c5H38=
github.com/go-logr/logr v1.2.2/go.mod h1:jdQByPbusPIv2/zmleS9BjJVeZ6kBagPoEUsqbVz/1A=
github.com/go-logr/logr v1.4.3 h1:CjnDlHq8ikf6E492q6eKboGOC0T8CDaOvkHCIg8idEI=
github.com/go-logr/logr v1.4.3/go.mod h1:9T104GzyrTigFIr8wt5mBrctHMim0Nb2HLGrmQ40KvY=
github.com/go-logr/stdr v1.2.2 h1:hSWxHoqTgW2S2qGc0LTAI563KZ5YKYRhT3MFKZMbjag=
github.com/go-logr/stdr v1.2.2/go.mod h1:mMo/vtBO5dYbehREoey6XUKy/eSumjCCveDpRre4VKE=
github.com/go-sql-driver/mysql v1.8.1/go.mod h1:wEBSXgmK//2ZFJyE+qWnIsVGmvmEKlqwuVSjsCm7DZg=
github.com/go-sql-driver/mysql v1.9.3 h1:U/N249h2WzJ3Ukj8SowVFjdtZKfu9vlLZxjPXV1aweo=
github.com/go-sql-driver/mysql v1.9.3/go.mod h1:qn46aNg1333BRMNU69Lq93t8du/dwxI64Gl8i5p1WMU=
github.com/golang/protobuf v1.5.4 h1:i7eJL8qZTpSEXOPTxNKhASYpMn+8e5Q6AdndVa1dWek=
github.com/golang/protobuf v1.5.4/go.mod h1:lnTiLA8Wa4RWRcIUkrtSVa5nRhsEGBg48fD6rSs7xps=
github.com/google/go-cmp v0.7.0 h1:wk8382ETsv4JYUZwIsn6YpYiWiBsYLSJiTsyBybVuN8=
github.com/google/go-cmp v0.7.0/go.mod h1:pXiqmnSA92OHEEa9HXL2W4E7lf9JzCmGVUdgjX3N/iU=
github.com/google/uuid v1.6.0 h1:NIvaJDMOsjHA8n1jAhLSgzrAzy1Hgr+hNrb57e+94F0=
github.com/google/uuid v1.6.0/go.mod h1:TIyPZe4MgqvfeYDBFedMoGGpEw/LqOeaOT+nhxU+yHo=
github.com/grpc-ecosystem/grpc-gateway/v2 v2.28.0 h1:HWRh5R2+9EifMyIHV7ZV+MIZqgz+PMpZ14Jynv3O2Zs=
github.com/grpc-ecosystem/grpc-gateway/v2 v2.28.0/go.mod h1:JfhWUomR1baixubs02l85lZYYOm7LV6om4ceouMv45c=
github.com/jmoiron/sqlx v1.4.0 h1:1PLqN7S1UYp5t4SrVVnt4nUVNemrDAtxlulVe+Qgm3o=
github.com/jmoiron/sqlx v1.4.0/go.mod h1:ZrZ7UsYB/weZdl2Bxg6jCRO9c3YHl8r3ahlKmRT4JLY=
github.com/kr/pretty v0.3.1 h1:flRD4NNwYAUpkphVc1HcthR4KEIFJ65n8Mw5qdRn3LE=
github.com/kr/pretty v0.3.1/go.mod h1:hoEshYVHaxMs3cyo3Yncou5ZscifuDolrwPKZanG3xk=
github.com/kr/text v0.2.0 h1:5Nx0Ya0ZqY2ygV366QzturHI13Jq95ApcVaJBhpS+AY=
github.com/kr/text v0.2.0/go.mod h1:eLer722TekiGuMkidMxC/pM04lWEeraHUUmBw8l2grE=
github.com/lib/pq v1.10.9 h1:YXG7RB+JIjhP29X+OtkiDnYaXQwpS4JEWq7dtCCRUEw=
github.com/lib/pq v1.10.9/go.mod h1:AlVN5x4E4T544tWzH6hKfbfQvm3HdbOxrmggDNAPY9o=
github.com/mattn/go-sqlite3 v1.14.22 h1:2gZY6PC6kBnID23Tichd1K+Z0oS6nE/XwU+Vz/5o4kU=
github.com/mattn/go-sqlite3 v1.14.22/go.mod h1:Uh1q+B4BYcTPb+yiD3kU8Ct7aC0hY9fxUwlHK0RXw+Y=
github.com/pmezard/go-difflib v1.0.0 h1:4DBwDE0NGyQoBHbLQYPwSUPoCMWR5BEzIk/f1lZbAQM=
github.com/pmezard/go-difflib v1.0.0/go.mod h1:iKH77koFhYxTK1pcRnkKkqfTogsbg7gZNVY4sRDYZ/4=
github.com/rogpeppe/go-internal v1.14.1 h1:UQB4HGPB6osV0SQTLymcB4TgvyWu6ZyliaW0tI/otEQ=
github.com/rogpeppe/go-internal v1.14.1/go.mod h1:MaRKkUm5W0goXpeCfT7UZI6fk/L7L7so1lCWt35ZSgc=
github.com/stretchr/testify v1.11.1 h1:7s2iGBzp5EwR7/aIZr8ao5+dra3wiQyKjjFuvgVKu7U=
github.com/stretchr/testify v1.11.1/go.mod h1:wZwfW3scLgRK+23gO65QZefKpKQRnfz6sD981Nm4B6U=
github.com/zoobz-io/aperture v1.0.3 h1:KAAC4LHwsrpWVDhZXWi03JDc3jiNSH+90vYMxDMK2a8=
github.com/zoobz-io/aperture v1.0.3/go.mod h1:Fk7cHGs49hqP3KqjpI8z0jFOUzH7d3x/XXstx76bt+4=
github.com/zoobz-io/astql v1.0.7 h1:Icqr8UvS8SFJS/LnN12Ozr5ilCv5+hJyEpodGKUIDz8=
github.com/zoobz-io/astql v1.0.7/go.mod h1:WJtob66m/1gicFkXUkMhD12UvOpDBGROu28AA+OQ9Eo=
github.com/zoobz-io/atom v1.0.1 h1:vG2A/xylCQTBg1a8ntz8wUz4A9v8JvX3t/s7lmtyJCI=
github.com/zoobz-io/atom v1.0.1/go.mod h1:+/Pu6dYAHVq3hrDt3SOKxdgTmeV66ooKVKnhtVR/ztM=
github.com/zoobz-io/capitan v1.0.2 h1:/NKAgntWeRIN4S0oaZJNk6qaYuDN/Gw68+81kLbkLrc=
github.com/zoobz-io/capitan v1.0.2/go.mod h1:tFqS6q99gRvgYBzvFIfJMDV1ukWU61H6ZB4HyZmiWuI=
github.com/zoobz-io/cereal v0.1.2 h1:JAta37GDpIkjurDJAQeB53QZDSpfxq7CXDnTlXMzv+o=
github.com/zoobz-io/cereal v0.1.2/go.mod h1:7omVwZ94iojNxegYApiVImSp2YNdakixMurUO6O7idA=
github.com/zoobz-io/check v0.0.5 h1:g49wFLToFUtMMffGUgpD3TBIsA572U9J+97dOE2QA44=
github.com/zoobz-io/check v0.0.5/go.mod h1:uLPAEiFL6wYGF6rc4aYrQEzC0x9iGUvn3DTgowUe+TA=
github.com/zoobz-io/dbml v1.0.1 h1:cbMy/5Hvmgp1ys2vyuPQyuAKnQ90D2N8HtBoBpD7DXs=
github.com/zoobz-io/dbml v1.0.1/go.mod h1:a8/fJGTY2jr/XC87K3b8kY7RKzafVprUSmzvRBakUS0=
github.com/zoobz-io/edamame v1.0.2 h1:HisMAzyHOPW5vrzPmTFNLAJMBCrn+lt1LXFSEazLNRs=
github.com/zoobz-io/edamame v1.0.2/go.mod h1:af1PKqjn61ba70CSmqB4gLZkZYz8QPDnQVeRFasiNu4=
github.com/zoobz-io/fig v0.0.3 h1:6IliqhlJM/LHPROkcHyOFDJAte9uwhg7x9lRPAdeWCs=
github.com/zoobz-io/fig v0.0.3/go.mod h1:E0LCV07Y3/XpDuO+0vhvYcmNj83ArG3fievsPjDreH4=
github.com/zoobz-io/grub v0.1.17 h1:/ySXjYCB27uOQDJJIkdo99wU4KuBGjmgcctPw2X3Qk8=
github.com/zoobz-io/grub v0.1.17/go.mod h1:PIlZjwGAKknT9AMEG6rLSXU5Uxu5Zd5L1qj22IhWU8A=
github.com/zoobz-io/lucene v0.0.4 h1:hmt8rjzCVGPecVTCIYOiu/QDZioE8NQqUUvm+/FXl4E=
github.com/zoobz-io/lucene v0.0.4/go.mod h1:rGPnnt5XV8B4UcRKn/0VrlFM7fMz+tP7+lnKHSWP15o=
github.com/zoobz-io/openapi v1.0.2 h1:KWJmjt/EYTkyzTvNCEK6BXDRWV7J45LhRXqWWZjm2mc=
github.com/zoobz-io/openapi v1.0.2/go.mod h1:B1AhdYd+dAtRRPIH8IQo2yjrvZbUdQAIhyrC+WhdrZA=
github.com/zoobz-io/rocco v0.1.16 h1:IMcpUxgFARrTCCqldNDJK70Yg6gBleJN/9ArSqCWOZk=
github.com/zoobz-io/rocco v0.1.16/go.mod h1:RkkWlhv/AWOb3cb/ywrjDobomzprt0R7lVtRH5WUkXE=
github.com/zoobz-io/scio v0.0.5 h1:fPDdnLIAUxhdzB0IycdbnI7j8V7is3KRRUiFzmahCeU=
github.com/zoobz-io/scio v0.0.5/go.mod h1:zzwKhZ6DCbWq9gpUQC8b5GehZAjgcX/Aq39bjjxdNQE=
github.com/zoobz-io/sentinel v1.0.4 h1:nGn4zzwwjmd30tJ2nf75xgvkw47lrD+0dDYFMCg1s1k=
github.com/zoobz-io/sentinel v1.0.4/go.mod h1:/Bao7Ro0XVh5oxDZBjpFaNuKosXY3wT5ccjtDnC4lRs=
github.com/zoobz-io/slush v0.0.3 h1:6R5Gvz1mRm9bWUvTkdH3M8vbsMa2Y07UjV+7196lqII=
github.com/zoobz-io/slush v0.0.3/go.mod h1:U4nso+FeOY7iJYX2DsudPfGPayMo2aCSfK94YgXquaQ=
github.com/zoobz-io/soy v1.0.6 h1:QZY+1zS6pLv3EJyPmGrG/d4TFyoz4SDG8KTxWO1Qh/M=
github.com/zoobz-io/soy v1.0.6/go.mod h1:sTazpzCkusmaUBJc7g5REQZ59Bdbxqm+87lwwu45OHU=
github.com/zoobz-io/vecna v0.0.3 h1:eKuYNaCRW5sxa3xLKv2lkk5NH0oXfI3T4odbT8AwFJA=
github.com/zoobz-io/vecna v0.0.3/go.mod h1:xWKOBIflh+meh3jtc6fhTnsnYjZ/nAWFClfTSlHRoS0=
go.opentelemetry.io/auto/sdk v1.2.1 h1:jXsnJ4Lmnqd11kwkBV2LgLoFMZKizbCi5fNZ/ipaZ64=
go.opentelemetry.io/auto/sdk v1.2.1/go.mod h1:KRTj+aOaElaLi+wW1kO/DZRXwkF4C5xPbEe3ZiIhN7Y=
go.opentelemetry.io/otel v1.41.0 h1:YlEwVsGAlCvczDILpUXpIpPSL/VPugt7zHThEMLce1c=
go.opentelemetry.io/otel v1.41.0/go.mod h1:Yt4UwgEKeT05QbLwbyHXEwhnjxNO6D8L5PQP51/46dE=
go.opentelemetry.io/otel/exporters/otlp/otlplog/otlploghttp v0.17.0 h1:GcSx2UgcMuQEu0vHq823xR5LCN3WqEx5yKhqDkv1pwY=
go.opentelemetry.io/otel/exporters/otlp/otlplog/otlploghttp v0.17.0/go.mod h1:ctNT8t8Vzx9sb1oWAozighT3guWorr8xdCboBvkT5yg=
go.opentelemetry.io/otel/exporters/otlp/otlpmetric/otlpmetrichttp v1.41.0 h1:MMrOAN8H1FrvDyq9UJ4lu5/+ss49Qgfgb7Zpm0m8ABo=
go.opentelemetry.io/otel/exporters/otlp/otlpmetric/otlpmetrichttp v1.41.0/go.mod h1:Na+2NNASJtF+uT4NxDe0G+NQb+bUgdPDfwxY/6JmS/c=
go.opentelemetry.io/otel/exporters/otlp/otlptrace v1.41.0 h1:ao6Oe+wSebTlQ1OEht7jlYTzQKE+pnx/iNywFvTbuuI=
go.opentelemetry.io/otel/exporters/otlp/otlptrace v1.41.0/go.mod h1:u3T6vz0gh/NVzgDgiwkgLxpsSF6PaPmo2il0apGJbls=
go.opentelemetry.io/otel/exporters/otlp/otlptrace/otlptracehttp v1.41.0 h1:inYW9ZhgqiDqh6BioM7DVHHzEGVq76Db5897WLGZ5Go=
go.opentelemetry.io/otel/exporters/otlp/otlptrace/otlptracehttp v1.41.0/go.mod h1:Izur+Wt8gClgMJqO/cZ8wdeeMryJ/xxiOVgFSSfpDTY=
go.opentelemetry.io/otel/log v0.17.0 h1:blZWM4y7n+KSa9OywwGWyBMPpeVoCl/NCw+jMps8afM=
go.opentelemetry.io/otel/log v0.17.0/go.mod h1:VXhjKYep6/laSgf/tjdh2SMAt18Z9XotBFBO0jxSE24=
go.opentelemetry.io/otel/metric v1.41.0 h1:rFnDcs4gRzBcsO9tS8LCpgR0dxg4aaxWlJxCno7JlTQ=
go.opentelemetry.io/otel/metric v1.41.0/go.mod h1:xPvCwd9pU0VN8tPZYzDZV/BMj9CM9vs00GuBjeKhJps=
go.opentelemetry.io/otel/sdk v1.41.0 h1:YPIEXKmiAwkGl3Gu1huk1aYWwtpRLeskpV+wPisxBp8=
go.opentelemetry.io/otel/sdk v1.41.0/go.mod h1:ahFdU0G5y8IxglBf0QBJXgSe7agzjE4GiTJ6HT9ud90=
go.opentelemetry.io/otel/sdk/log v0.17.0 h1:stWOgJB8bWieSlX4VO+gD7BrRZ/Dh1H/u7115amleGE=
go.opentelemetry.io/otel/sdk/log v0.17.0/go.mod h1:LQKPUyHraLka2sRvNQ5+W456+sElomqR7VWpOnOefZg=
go.opentelemetry.io/otel/sdk/log/logtest v0.17.0 h1:Z4S9W5piCH88itCkWDtX5ppRgO0UTkLXVK/6tPOMM2w=
go.opentelemetry.io/otel/sdk/log/logtest v0.17.0/go.mod h1:d9iIX/BwLfu1BTPxO0wi4ucyCenCckfuf9LC0aJDjqM=
go.opentelemetry.io/otel/sdk/metric v1.41.0 h1:siZQIYBAUd1rlIWQT2uCxWJxcCO7q3TriaMlf08rXw8=
go.opentelemetry.io/otel/sdk/metric v1.41.0/go.mod h1:HNBuSvT7ROaGtGI50ArdRLUnvRTRGniSUZbxiWxSO8Y=
go.opentelemetry.io/otel/trace v1.41.0 h1:Vbk2co6bhj8L59ZJ6/xFTskY+tGAbOnCtQGVVa9TIN0=
go.opentelemetry.io/otel/trace v1.41.0/go.mod h1:U1NU4ULCoxeDKc09yCWdWe+3QoyweJcISEVa1RBzOis=
go.opentelemetry.io/proto/otlp v1.9.0 h1:l706jCMITVouPOqEnii2fIAuO3IVGBRPV5ICjceRb/A=
go.opentelemetry.io/proto/otlp v1.9.0/go.mod h1:xE+Cx5E/eEHw+ISFkwPLwCZefwVjY+pqKg1qcK03+/4=
go.uber.org/goleak v1.3.0 h1:2K3zAYmnTNqV73imy9J1T3WC+gmCePx2hEGkimedGto=
go.uber.org/goleak v1.3.0/go.mod h1:CoHD4mav9JJNrW/WLlf7HGZPjdw8EucARQHekz1X6bE=
golang.org/x/crypto v0.48.0 h1:/VRzVqiRSggnhY7gNRxPauEQ5Drw9haKdM0jqfcCFts=
golang.org/x/crypto v0.48.0/go.mod h1:r0kV5h3qnFPlQnBSrULhlsRfryS2pmewsg+XfMgkVos=
golang.org/x/exp v0.0.0-20260112195511-716be5621a96 h1:Z/6YuSHTLOHfNFdb8zVZomZr7cqNgTJvA8+Qz75D8gU=
golang.org/x/exp v0.0.0-20260112195511-716be5621a96/go.mod h1:nzimsREAkjBCIEFtHiYkrJyT+2uy9YZJB7H1k68CXZU=
golang.org/x/net v0.50.0 h1:ucWh9eiCGyDR3vtzso0WMQinm2Dnt8cFMuQa9K33J60=
golang.org/x/net v0.50.0/go.mod h1:UgoSli3F/pBgdJBHCTc+tp3gmrU4XswgGRgtnwWTfyM=
golang.org/x/sys v0.41.0 h1:Ivj+2Cp/ylzLiEU89QhWblYnOE9zerudt9Ftecq2C6k=
golang.org/x/sys v0.41.0/go.mod h1:OgkHotnGiDImocRcuBABYBEXf8A9a87e/uXjp9XT3ks=
golang.org/x/text v0.34.0 h1:oL/Qq0Kdaqxa1KbNeMKwQq0reLCCaFtqu2eNuSeNHbk=
golang.org/x/text v0.34.0/go.mod h1:homfLqTYRFyVYemLBFl5GgL/DWEiH5wcsQ5gSh1yziA=
gonum.org/v1/gonum v0.16.0 h1:5+ul4Swaf3ESvrOnidPp4GZbzf0mxVQpDCYUQE7OJfk=
gonum.org/v1/gonum v0.16.0/go.mod h1:fef3am4MQ93R2HHpKnLk4/Tbh/s0+wqD5nfa6Pnwy4E=
google.golang.org/genproto/googleapis/api v0.0.0-20260209200024-4cfbd4190f57 h1:JLQynH/LBHfCTSbDWl+py8C+Rg/k1OVH3xfcaiANuF0=
google.golang.org/genproto/googleapis/api v0.0.0-20260209200024-4cfbd4190f57/go.mod h1:kSJwQxqmFXeo79zOmbrALdflXQeAYcUbgS7PbpMknCY=
google.golang.org/genproto/googleapis/rpc v0.0.0-20260209200024-4cfbd4190f57 h1:mWPCjDEyshlQYzBpMNHaEof6UX1PmHcaUODUywQ0uac=
google.golang.org/genproto/googleapis/rpc v0.0.0-20260209200024-4cfbd4190f57/go.mod h1:j9x/tPzZkyxcgEFkiKEEGxfvyumM01BEtsW8xzOahRQ=
google.golang.org/grpc v1.79.2 h1:fRMD94s2tITpyJGtBBn7MkMseNpOZU8ZxgC3MMBaXRU=
google.golang.org/grpc v1.79.2/go.mod h1:KmT0Kjez+0dde/v2j9vzwoAScgEPx/Bw1CYChhHLrHQ=
google.golang.org/protobuf v1.36.11 h1:fV6ZwhNocDyBLK0dj+fg8ektcVegBBuEolpbTQyBNVE=
google.golang.org/protobuf v1.36.11/go.mod h1:HTf+CrKn2C3g5S8VImy6tdcUvCska2kB7j23XfzDpco=
gopkg.in/check.v1 v0.0.0-20161208181325-20d25e280405/go.mod h1:Co6ibVJAznAaIkqp8huTwlJQCZ016jof/cbN4VW5Yz0=
gopkg.in/check.v1 v1.0.0-20201130134442-10cb98267c6c h1:Hei/4ADfdWqJk1ZMxUNpqntNwaWcugrBjAiHlqqRiVk=
gopkg.in/check.v1 v1.0.0-20201130134442-10cb98267c6c/go.mod h1:JHkPIbrfpd72SG/EVd6muEfDQjcINNoR0C8j2r3qZ4Q=
gopkg.in/yaml.v3 v3.0.1 h1:fxVm/GzAzEWqLHuvctI91KS9hhNmmWOoWu0XTYJS7CA=
gopkg.in/yaml.v3 v3.0.1/go.mod h1:K4uyk7z7BCEPqu6E+C64Yfv1cQ7kz7rIZviUmN+EgEM=
